
Microsoft Visual Studio Solution File, Format Version 12.00
# Visual Studio Version 17
VisualStudioVersion = 17.2.32630.192
MinimumVisualStudioVersion = 10.0.40219.1
Project("{9A19103F-16F7-4668-BE54-9A1E7A4F7556}") = "LogViewer", "LogViewer\LogViewer.csproj", "{CAE8B93C-BE3B-4B65-89EA-D9B0C840BA05}"
EndProject
Project("{FAE04EC0-301F-11D3-BF4B-00C04F79EFBC}") = "LogViewer.Services", "LogViewer.Services\LogViewer.Services.csproj", "{A8322089-3F08-4518-9990-1A78D34E5927}"
EndProject
Project("{FAE04EC0-301F-11D3-BF4B-00C04F79EFBC}") = "LogViewer.Models", "LogViewer.Models\LogViewer.Models.csproj", "{464B7AB2-B357-4595-918B-C502DFA2247A}"
EndProject
Project("{FAE04EC0-301F-11D3-BF4B-00C04F79EFBC}") = "LogViewer.Constants", "LogViewer.Constants\LogViewer.Constants.csproj", "{3E44E60D-0AAC-4D0A-9194-181101C6D3B7}"
EndProject
Global
	GlobalSection(SolutionConfigurationPlatforms) = preSolution
		Debug|Any CPU = Debug|Any CPU
		Release|Any CPU = Release|Any CPU
	EndGlobalSection
	GlobalSection(ProjectConfigurationPlatforms) = postSolution
		{CAE8B93C-BE3B-4B65-89EA-D9B0C840BA05}.Debug|Any CPU.ActiveCfg = Debug|Any CPU
		{CAE8B93C-BE3B-4B65-89EA-D9B0C840BA05}.Debug|Any CPU.Build.0 = Debug|Any CPU
		{CAE8B93C-BE3B-4B65-89EA-D9B0C840BA05}.Release|Any CPU.ActiveCfg = Release|Any CPU
		{CAE8B93C-BE3B-4B65-89EA-D9B0C840BA05}.Release|Any CPU.Build.0 = Release|Any CPU
		{A8322089-3F08-4518-9990-1A78D34E5927}.Debug|Any CPU.ActiveCfg = Debug|Any CPU
		{A8322089-3F08-4518-9990-1A78D34E5927}.Debug|Any CPU.Build.0 = Debug|Any CPU
		{A8322089-3F08-4518-9990-1A78D34E5927}.Release|Any CPU.ActiveCfg = Release|Any CPU
		{A8322089-3F08-4518-9990-1A78D34E5927}.Release|Any CPU.Build.0 = Release|Any CPU
		{464B7AB2-B357-4595-918B-C502DFA2247A}.Debug|Any CPU.ActiveCfg = Debug|Any CPU
		{464B7AB2-B357-4595-918B-C502DFA2247A}.Debug|Any CPU.Build.0 = Debug|Any CPU
		{464B7AB2-B357-4595-918B-C502DFA2247A}.Release|Any CPU.ActiveCfg = Release|Any CPU
		{464B7AB2-B357-4595-918B-C502DFA2247A}.Release|Any CPU.Build.0 = Release|Any CPU
		{3E44E60D-0AAC-4D0A-9194-181101C6D3B7}.Debug|Any CPU.ActiveCfg = Debug|Any CPU
		{3E44E60D-0AAC-4D0A-9194-181101C6D3B7}.Debug|Any CPU.Build.0 = Debug|Any CPU
		{3E44E60D-0AAC-4D0A-9194-181101C6D3B7}.Release|Any CPU.ActiveCfg = Release|Any CPU
		{3E44E60D-0AAC-4D0A-9194-181101C6D3B7}.Release|Any CPU.Build.0 = Release|Any CPU
	EndGlobalSection
	GlobalSection(SolutionProperties) = preSolution
		HideSolutionNode = FALSE
	EndGlobalSection
	GlobalSection(ExtensibilityGlobals) = postSolution
		SolutionGuid = {CE157683-BA6D-44CA-97E8-5835E4B62A89}
	EndGlobalSection
EndGlobal
